lockfileVersion: '9.0'

settings:
  autoInstallPeers: true
  excludeLinksFromLockfile: false

importers:

  .:
    dependencies:
      three-stdlib:
        specifier: ^2.35.14
        version: 2.35.14(three@0.173.0)

packages:

  '@types/draco3d@1.4.10':
    resolution: {integrity: sha512-AX22jp8Y7wwaBgAixaSvkoG4M/+PlAcm3Qs4OW8yT9DM4xUpWKeFhLueTAyZF39pviAdcDdeJoACapiAceqNcw==}

  '@types/offscreencanvas@2019.7.3':
    resolution: {integrity: sha512-ieXiYmgSRXUDeOntE1InxjWyvEelZGP63M+cGuquuRLuIKKT1osnkXjxev9B7d1nXSug5vpunx+gNlbVxMlC9A==}

  '@types/webxr@0.5.21':
    resolution: {integrity: sha512-geZIAtLzjGmgY2JUi6VxXdCrTb99A7yP49lxLr2Nm/uIK0PkkxcEi4OGhoGDO4pxCf3JwGz2GiJL2Ej4K2bKaA==}

  draco3d@1.5.7:
    resolution: {integrity: sha512-m6WCKt/erDXcw+70IJXnG7M3awwQPAsZvJGX5zY7beBqpELw6RDGkYVU0W43AFxye4pDZ5i2Lbyc/NNGqwjUVQ==}

  fflate@0.6.10:
    resolution: {integrity: sha512-IQrh3lEPM93wVCEczc9SaAOvkmcoQn/G8Bo1e8ZPlY3X3bnAxWaBdvTdvM1hP62iZp0BXWDy4vTAy4fF0+Dlpg==}

  potpack@1.0.2:
    resolution: {integrity: sha512-choctRBIV9EMT9WGAZHn3V7t0Z2pMQyl0EZE6pFc/6ml3ssw7Dlf/oAOvFwjm1HVsqfQN8GfeFyJ+d8tRzqueQ==}

  three-stdlib@2.35.14:
    resolution: {integrity: sha512-kpCaEg59M9usFTgHC+YZNKvx7nMoLI2zQxZBV8pjoNW6vNZmGyXpaLBL09A2oLCsS3KepgMFkOuk6lRoebTNvA==}
    peerDependencies:
      three: '>=0.128.0'

  three@0.173.0:
    resolution: {integrity: sha512-AUwVmViIEUgBwxJJ7stnF0NkPpZxx1aZ6WiAbQ/Qq61h6I9UR4grXtZDmO8mnlaNORhHnIBlXJ1uBxILEKuVyw==}

snapshots:

  '@types/draco3d@1.4.10': {}

  '@types/offscreencanvas@2019.7.3': {}

  '@types/webxr@0.5.21': {}

  draco3d@1.5.7: {}

  fflate@0.6.10: {}

  potpack@1.0.2: {}

  three-stdlib@2.35.14(three@0.173.0):
    dependencies:
      '@types/draco3d': 1.4.10
      '@types/offscreencanvas': 2019.7.3
      '@types/webxr': 0.5.21
      draco3d: 1.5.7
      fflate: 0.6.10
      potpack: 1.0.2
      three: 0.173.0

  three@0.173.0: {}
